
Microsoft Visual Studio Solution File, Format Version 12.00
# Visual Studio Version 17
VisualStudioVersion = 17.4.33205.214
MinimumVisualStudioVersion = 10.0.40219.1
Project("{8BC9CEB8-8B4A-11D0-8D11-00A0C91BC942}") = "App11", "App11.vcxproj", "{EB17D501-64E4-46F2-931A-0DBFACEC6C7F}"
EndProject
Global
	GlobalSection(SolutionConfigurationPlatforms) = preSolution
		Debug|ARM64 = Debug|ARM64
		Debug|x64 = Debug|x64
		Debug|x86 = Debug|x86
		Release|ARM64 = Release|ARM64
		Release|x64 = Release|x64
		Release|x86 = Release|x86
	EndGlobalSection
	GlobalSection(ProjectConfigurationPlatforms) = postSolution
		{EB17D501-64E4-46F2-931A-0DBFACEC6C7F}.Debug|ARM64.ActiveCfg = Debug|ARM64
		{EB17D501-64E4-46F2-931A-0DBFACEC6C7F}.Debug|ARM64.Build.0 = Debug|ARM64
		{EB17D501-64E4-46F2-931A-0DBFACEC6C7F}.Debug|ARM64.Deploy.0 = Debug|ARM64
		{EB17D501-64E4-46F2-931A-0DBFACEC6C7F}.Debug|x64.ActiveCfg = Debug|x64
		{EB17D501-64E4-46F2-931A-0DBFACEC6C7F}.Debug|x64.Build.0 = Debug|x64
		{EB17D501-64E4-46F2-931A-0DBFACEC6C7F}.Debug|x64.Deploy.0 = Debug|x64
		{EB17D501-64E4-46F2-931A-0DBFACEC6C7F}.Debug|x86.ActiveCfg = Debug|Win32
		{EB17D501-64E4-46F2-931A-0DBFACEC6C7F}.Debug|x86.Build.0 = Debug|Win32
		{EB17D501-64E4-46F2-931A-0DBFACEC6C7F}.Debug|x86.Deploy.0 = Debug|Win32
		{EB17D501-64E4-46F2-931A-0DBFACEC6C7F}.Release|ARM64.ActiveCfg = Release|ARM64
		{EB17D501-64E4-46F2-931A-0DBFACEC6C7F}.Release|ARM64.Build.0 = Release|ARM64
		{EB17D501-64E4-46F2-931A-0DBFACEC6C7F}.Release|ARM64.Deploy.0 = Release|ARM64
		{EB17D501-64E4-46F2-931A-0DBFACEC6C7F}.Release|x64.ActiveCfg = Release|x64
		{EB17D501-64E4-46F2-931A-0DBFACEC6C7F}.Release|x64.Build.0 = Release|x64
		{EB17D501-64E4-46F2-931A-0DBFACEC6C7F}.Release|x64.Deploy.0 = Release|x64
		{EB17D501-64E4-46F2-931A-0DBFACEC6C7F}.Release|x86.ActiveCfg = Release|Win32
		{EB17D501-64E4-46F2-931A-0DBFACEC6C7F}.Release|x86.Build.0 = Release|Win32
		{EB17D501-64E4-46F2-931A-0DBFACEC6C7F}.Release|x86.Deploy.0 = Release|Win32
	EndGlobalSection
	GlobalSection(SolutionProperties) = preSolution
		HideSolutionNode = FALSE
	EndGlobalSection
	GlobalSection(ExtensibilityGlobals) = postSolution
		SolutionGuid = {E20A379F-B8BD-4442-B63F-FE7758DA5C26}
	EndGlobalSection
EndGlobal
